
Microsoft Visual Studio Solution File, Format Version 12.00
# Visual Studio Version 16
VisualStudioVersion = 16.0.31613.86
MinimumVisualStudioVersion = 10.0.40219.1
Project("{FAE04EC0-301F-11D3-BF4B-00C04F79EFBC}") = "ORMPrac2", "ORMPrac2.csproj", "{BEB8BA21-88F6-426E-A443-3268B964483B}"
EndProject
Global
	GlobalSection(SolutionConfigurationPlatforms) = preSolution
		Debug|Any CPU = Debug|Any CPU
		Release|Any CPU = Release|Any CPU
	EndGlobalSection
	GlobalSection(ProjectConfigurationPlatforms) = postSolution
		{BEB8BA21-88F6-426E-A443-3268B964483B}.Debug|Any CPU.ActiveCfg = Debug|Any CPU
		{BEB8BA21-88F6-426E-A443-3268B964483B}.Debug|Any CPU.Build.0 = Debug|Any CPU
		{BEB8BA21-88F6-426E-A443-3268B964483B}.Release|Any CPU.ActiveCfg = Release|Any CPU
		{BEB8BA21-88F6-426E-A443-3268B964483B}.Release|Any CPU.Build.0 = Release|Any CPU
	EndGlobalSection
	GlobalSection(SolutionProperties) = preSolution
		HideSolutionNode = FALSE
	EndGlobalSection
	GlobalSection(ExtensibilityGlobals) = postSolution
		SolutionGuid = {0EB35AF9-3BB1-4D97-8ACA-1AD56EAB55FF}
	EndGlobalSection
EndGlobal
